PODS:
  - JGNetworkReachability (0.0.7):
    - JGSourceBase (~> 0.1.0)
  - JGSourceBase (0.1.0):
    - JGSourceBase/Common (= 0.1.0)
  - JGSourceBase/Common (0.1.0)

DEPENDENCIES:
  - JGNetworkReachability (from `.`)

SPEC REPOS:
  https://github.com/cocoapods/specs.git:
    - JGSourceBase

EXTERNAL SOURCES:
  JGNetworkReachability:
    :path: "."

SPEC CHECKSUMS:
  JGNetworkReachability: f34b0795661f8a79a9fcb43728a143c0ba9b6185
  JGSourceBase: 03fca616c3686a7197fcac672201d7f083fd7d8b

PODFILE CHECKSUM: f1eeaded96a08bf35d7f267a889894b5fc49bcfa

COCOAPODS: 1.5.3
