// !$*UTF8*$!
{
	archiveVersion = 1;
	classes = {
	};
	objectVersion = 48;
	objects = {

/* Begin PBXBuildFile section */
		92347926ADE5FDBAFC9C5A9F /* Pods_JGNetworkReachability.framework in Frameworks */ = {isa = PBXBuildFile; fileRef = FAB0B8AE91B4E86B5F1B1215 /* Pods_JGNetworkReachability.framework */; };
		D4C9BBF51FC8652A003D0976 /* JGNetworkReachability.h in Headers */ = {isa = PBXBuildFile; fileRef = D4C9BBF31FC8652A003D0976 /* JGNetworkReachability.h */; settings = {ATTRIBUTES = (Public, ); }; };
		D4C9BBFF1FC86596003D0976 /* JGNetworkReachabilityImpl.h in Headers */ = {isa = PBXBuildFile; fileRef = D4C9BBFD1FC86596003D0976 /* JGNetworkReachabilityImpl.h */; settings = {ATTRIBUTES = (Public, ); }; };
		D4C9BC001FC86596003D0976 /* JGNetworkReachabilityImpl.m in Sources */ = {isa = PBXBuildFile; fileRef = D4C9BBFE1FC86596003D0976 /* JGNetworkReachabilityImpl.m */; };
/* End PBXBuildFile section */

/* Begin PBXFileReference section */
		02480294585F8B0A5B8BDAFF /* Pods-JGNetworkReachabilityDemo.debug.xcconfig */ = {isa = PBXFileReference; includeInIndex = 1; lastKnownFileType = text.xcconfig; name = "Pods-JGNetworkReachabilityDemo.debug.xcconfig"; path = "Pods/Target Support Files/Pods-JGNetworkReachabilityDemo/Pods-JGNetworkReachabilityDemo.debug.xcconfig"; sourceTree = "<group>"; };
		63598FD446ECEA2029720F05 /* Pods_JGNetworkReachabilityDemo.framework */ = {isa = PBXFileReference; explicitFileType = wrapper.framework; includeInIndex = 0; path = Pods_JGNetworkReachabilityDemo.framework; sourceTree = BUILT_PRODUCTS_DIR; };
		8446D009DA8B5754BFC7B875 /* Pods-JGNetworkReachabilityDemo.release.xcconfig */ = {isa = PBXFileReference; includeInIndex = 1; lastKnownFileType = text.xcconfig; name = "Pods-JGNetworkReachabilityDemo.release.xcconfig"; path = "Pods/Target Support Files/Pods-JGNetworkReachabilityDemo/Pods-JGNetworkReachabilityDemo.release.xcconfig"; sourceTree = "<group>"; };
		D4C9BBF01FC8652A003D0976 /* JGNetworkReachability.framework */ = {isa = PBXFileReference; explicitFileType = wrapper.framework; includeInIndex = 0; path = JGNetworkReachability.framework; sourceTree = BUILT_PRODUCTS_DIR; };
		D4C9BBF31FC8652A003D0976 /* JGNetworkReachability.h */ = {isa = PBXFileReference; lastKnownFileType = sourcecode.c.h; path = JGNetworkReachability.h; sourceTree = "<group>"; };
		D4C9BBF41FC8652A003D0976 /* Info.plist */ = {isa = PBXFileReference; lastKnownFileType = text.plist.xml; path = Info.plist; sourceTree = "<group>"; };
		D4C9BBFB1FC8656B003D0976 /* JGNetworkReachability.podspec */ = {isa = PBXFileReference; lastKnownFileType = text; path = JGNetworkReachability.podspec; sourceTree = "<group>"; xcLanguageSpecificationIdentifier = xcode.lang.ruby; };
		D4C9BBFC1FC8656B003D0976 /* README.md */ = {isa = PBXFileReference; lastKnownFileType = net.daringfireball.markdown; path = README.md; sourceTree = "<group>"; };
		D4C9BBFD1FC86596003D0976 /* JGNetworkReachabilityImpl.h */ = {isa = PBXFileReference; lastKnownFileType = sourcecode.c.h; path = JGNetworkReachabilityImpl.h; sourceTree = "<group>"; };
		D4C9BBFE1FC86596003D0976 /* JGNetworkReachabilityImpl.m */ = {isa = PBXFileReference; lastKnownFileType = sourcecode.c.objc; path = JGNetworkReachabilityImpl.m; sourceTree = "<group>"; };
		FAB0B8AE91B4E86B5F1B1215 /* Pods_JGNetworkReachability.framework */ = {isa = PBXFileReference; explicitFileType = wrapper.framework; includeInIndex = 0; path = Pods_JGNetworkReachability.framework; sourceTree = BUILT_PRODUCTS_DIR; };
/* End PBXFileReference section */

/* Begin PBXFrameworksBuildPhase section */
		D4C9BBEC1FC8652A003D0976 /* Frameworks */ = {
			isa = PBXFrameworksBuildPhase;
			buildActionMask = 2147483647;
			files = (
				92347926ADE5FDBAFC9C5A9F /* Pods_JGNetworkReachability.framework in Frameworks */,
			);
			runOnlyForDeploymentPostprocessing = 0;
		};
/* End PBXFrameworksBuildPhase section */

/* Begin PBXGroup section */
		12E199151082AF9D934C5743 /* Frameworks */ = {
			isa = PBXGroup;
			children = (
				FAB0B8AE91B4E86B5F1B1215 /* Pods_JGNetworkReachability.framework */,
				63598FD446ECEA2029720F05 /* Pods_JGNetworkReachabilityDemo.framework */,
			);
			name = Frameworks;
			sourceTree = "<group>";
		};
		365F2013CCEE0460F2E75065 /* Pods */ = {
			isa = PBXGroup;
			children = (
				02480294585F8B0A5B8BDAFF /* Pods-JGNetworkReachabilityDemo.debug.xcconfig */,
				8446D009DA8B5754BFC7B875 /* Pods-JGNetworkReachabilityDemo.release.xcconfig */,
			);
			name = Pods;
			sourceTree = "<group>";
		};
		D4C9BBE61FC8652A003D0976 = {
			isa = PBXGroup;
			children = (
				D4C9BBFB1FC8656B003D0976 /* JGNetworkReachability.podspec */,
				D4C9BBFC1FC8656B003D0976 /* README.md */,
				D4C9BBF21FC8652A003D0976 /* JGNetworkReachability */,
				D4C9BBF11FC8652A003D0976 /* Products */,
				365F2013CCEE0460F2E75065 /* Pods */,
				12E199151082AF9D934C5743 /* Frameworks */,
			);
			sourceTree = "<group>";
		};
		D4C9BBF11FC8652A003D0976 /* Products */ = {
			isa = PBXGroup;
			children = (
				D4C9BBF01FC8652A003D0976 /* JGNetworkReachability.framework */,
			);
			name = Products;
			sourceTree = "<group>";
		};
		D4C9BBF21FC8652A003D0976 /* JGNetworkReachability */ = {
			isa = PBXGroup;
			children = (
				D4C9BBF41FC8652A003D0976 /* Info.plist */,
				D4C9BBF31FC8652A003D0976 /* JGNetworkReachability.h */,
				D4C9BBFD1FC86596003D0976 /* JGNetworkReachabilityImpl.h */,
				D4C9BBFE1FC86596003D0976 /* JGNetworkReachabilityImpl.m */,
			);
			path = JGNetworkReachability;
			sourceTree = "<group>";
		};
/* End PBXGroup section */

/* Begin PBXHeadersBuildPhase section */
		D4C9BBED1FC8652A003D0976 /* Headers */ = {
			isa = PBXHeadersBuildPhase;
			buildActionMask = 2147483647;
			files = (
				D4C9BBF51FC8652A003D0976 /* JGNetworkReachability.h in Headers */,
				D4C9BBFF1FC86596003D0976 /* JGNetworkReachabilityImpl.h in Headers */,
			);
			runOnlyForDeploymentPostprocessing = 0;
		};
/* End PBXHeadersBuildPhase section */

/* Begin PBXNativeTarget section */
		D4C9BBEF1FC8652A003D0976 /* JGNetworkReachability */ = {
			isa = PBXNativeTarget;
			buildConfigurationList = D4C9BBF81FC8652A003D0976 /* Build configuration list for PBXNativeTarget "JGNetworkReachability" */;
			buildPhases = (
				35B3E1A35E47F051623DB6CC /* [CP] Check Pods Manifest.lock */,
				D4C9BBEB1FC8652A003D0976 /* Sources */,
				D4C9BBEC1FC8652A003D0976 /* Frameworks */,
				D4C9BBED1FC8652A003D0976 /* Headers */,
				D4C9BBEE1FC8652A003D0976 /* Resources */,
				174118260504BB4D460E4BE9 /* [CP] Copy Pods Resources */,
			);
			buildRules = (
			);
			dependencies = (
			);
			name = JGNetworkReachability;
			productName = JGNetworkReachability;
			productReference = D4C9BBF01FC8652A003D0976 /* JGNetworkReachability.framework */;
			productType = "com.apple.product-type.framework";
		};
/* End PBXNativeTarget section */

/* Begin PBXProject section */
		D4C9BBE71FC8652A003D0976 /* Project object */ = {
			isa = PBXProject;
			attributes = {
				LastUpgradeCheck = 0910;
				ORGANIZATIONNAME = MeiJigao;
				TargetAttributes = {
					D4C9BBEF1FC8652A003D0976 = {
						CreatedOnToolsVersion = 9.1;
						ProvisioningStyle = Automatic;
					};
				};
			};
			buildConfigurationList = D4C9BBEA1FC8652A003D0976 /* Build configuration list for PBXProject "JGNetworkReachability" */;
			compatibilityVersion = "Xcode 8.0";
			developmentRegion = en;
			hasScannedForEncodings = 0;
			knownRegions = (
				en,
				Base,
			);
			mainGroup = D4C9BBE61FC8652A003D0976;
			productRefGroup = D4C9BBF11FC8652A003D0976 /* Products */;
			projectDirPath = "";
			projectRoot = "";
			targets = (
				D4C9BBEF1FC8652A003D0976 /* JGNetworkReachability */,
			);
		};
/* End PBXProject section */

/* Begin PBXResourcesBuildPhase section */
		D4C9BBEE1FC8652A003D0976 /* Resources */ = {
			isa = PBXResourcesBuildPhase;
			buildActionMask = 2147483647;
			files = (
			);
			runOnlyForDeploymentPostprocessing = 0;
		};
/* End PBXResourcesBuildPhase section */

/* Begin PBXShellScriptBuildPhase section */
		174118260504BB4D460E4BE9 /* [CP] Copy Pods Resources */ = {
			isa = PBXShellScriptBuildPhase;
			buildActionMask = 2147483647;
			files = (
			);
			inputPaths = (
			);
			name = "[CP] Copy Pods Resources";
			outputPaths = (
			);
			runOnlyForDeploymentPostprocessing = 0;
			shellPath = /bin/sh;
			shellScript = "\"${SRCROOT}/Pods/Target Support Files/Pods-JGNetworkReachability/Pods-JGNetworkReachability-resources.sh\"\n";
			showEnvVarsInLog = 0;
		};
		35B3E1A35E47F051623DB6CC /* [CP] Check Pods Manifest.lock */ = {
			isa = PBXShellScriptBuildPhase;
			buildActionMask = 2147483647;
			files = (
			);
			inputPaths = (
				"${PODS_PODFILE_DIR_PATH}/Podfile.lock",
				"${PODS_ROOT}/Manifest.lock",
			);
			name = "[CP] Check Pods Manifest.lock";
			outputPaths = (
				"$(DERIVED_FILE_DIR)/Pods-JGNetworkReachability-checkManifestLockResult.txt",
			);
			runOnlyForDeploymentPostprocessing = 0;
			shellPath = /bin/sh;
			shellScript = "diff \"${PODS_PODFILE_DIR_PATH}/Podfile.lock\" \"${PODS_ROOT}/Manifest.lock\" > /dev/null\nif [ $? != 0 ] ; then\n    # print error to STDERR\n    echo \"error: The sandbox is not in sync with the Podfile.lock. Run 'pod install' or update your CocoaPods installation.\" >&2\n    exit 1\nfi\n# This output is used by Xcode 'outputs' to avoid re-running this script phase.\necho \"SUCCESS\" > \"${SCRIPT_OUTPUT_FILE_0}\"\n";
			showEnvVarsInLog = 0;
		};
/* End PBXShellScriptBuildPhase section */

/* Begin PBXSourcesBuildPhase section */
		D4C9BBEB1FC8652A003D0976 /* Sources */ = {
			isa = PBXSourcesBuildPhase;
			buildActionMask = 2147483647;
			files = (
				D4C9BC001FC86596003D0976 /* JGNetworkReachabilityImpl.m in Sources */,
			);
			runOnlyForDeploymentPostprocessing = 0;
		};
/* End PBXSourcesBuildPhase section */

/* Begin XCBuildConfiguration section */
		D4C9BBF61FC8652A003D0976 /* Debug */ = {
			isa = XCBuildConfiguration;
			buildSettings = {
				ALWAYS_SEARCH_USER_PATHS = NO;
				CLANG_ANALYZER_NONNULL = YES;
				CLANG_ANALYZER_NUMBER_OBJECT_CONVERSION = YES_AGGRESSIVE;
				CLANG_CXX_LANGUAGE_STANDARD = "gnu++14";
				CLANG_CXX_LIBRARY = "libc++";
				CLANG_ENABLE_MODULES = YES;
				CLANG_ENABLE_OBJC_ARC = YES;
				CLANG_WARN_BLOCK_CAPTURE_AUTORELEASING = YES;
				CLANG_WARN_BOOL_CONVERSION = YES;
				CLANG_WARN_COMMA = YES;
				CLANG_WARN_CONSTANT_CONVERSION = YES;
				CLANG_WARN_DIRECT_OBJC_ISA_USAGE = YES_ERROR;
				CLANG_WARN_DOCUMENTATION_COMMENTS = YES;
				CLANG_WARN_EMPTY_BODY = YES;
				CLANG_WARN_ENUM_CONVERSION = YES;
				CLANG_WARN_INFINITE_RECURSION = YES;
				CLANG_WARN_INT_CONVERSION = YES;
				CLANG_WARN_NON_LITERAL_NULL_CONVERSION = YES;
				CLANG_WARN_OBJC_LITERAL_CONVERSION = YES;
				CLANG_WARN_OBJC_ROOT_CLASS = YES_ERROR;
				CLANG_WARN_RANGE_LOOP_ANALYSIS = YES;
				CLANG_WARN_STRICT_PROTOTYPES = YES;
				CLANG_WARN_SUSPICIOUS_MOVE = YES;
				CLANG_WARN_UNGUARDED_AVAILABILITY = YES_AGGRESSIVE;
				CLANG_WARN_UNREACHABLE_CODE = YES;
				CLANG_WARN__DUPLICATE_METHOD_MATCH = YES;
				CODE_SIGN_IDENTITY = "iPhone Developer";
				COPY_PHASE_STRIP = NO;
				CURRENT_PROJECT_VERSION = 1;
				DEBUG_INFORMATION_FORMAT = dwarf;
				ENABLE_STRICT_OBJC_MSGSEND = YES;
				ENABLE_TESTABILITY = YES;
				GCC_C_LANGUAGE_STANDARD = gnu11;
				GCC_DYNAMIC_NO_PIC = NO;
				GCC_NO_COMMON_BLOCKS = YES;
				GCC_OPTIMIZATION_LEVEL = 0;
				GCC_PREPROCESSOR_DEFINITIONS = (
					"DEBUG=1",
					"$(inherited)",
				);
				GCC_WARN_64_TO_32_BIT_CONVERSION = YES;
				GCC_WARN_ABOUT_RETURN_TYPE = YES_ERROR;
				GCC_WARN_UNDECLARED_SELECTOR = YES;
				GCC_WARN_UNINITIALIZED_AUTOS = YES_AGGRESSIVE;
				GCC_WARN_UNUSED_FUNCTION = YES;
				GCC_WARN_UNUSED_VARIABLE = YES;
				IPHONEOS_DEPLOYMENT_TARGET = 11.1;
				MTL_ENABLE_DEBUG_INFO = YES;
				ONLY_ACTIVE_ARCH = YES;
				SDKROOT = iphoneos;
				VERSIONING_SYSTEM = "apple-generic";
				VERSION_INFO_PREFIX = "";
			};
			name = Debug;
		};
		D4C9BBF71FC8652A003D0976 /* Release */ = {
			isa = XCBuildConfiguration;
			buildSettings = {
				ALWAYS_SEARCH_USER_PATHS = NO;
				CLANG_ANALYZER_NONNULL = YES;
				CLANG_ANALYZER_NUMBER_OBJECT_CONVERSION = YES_AGGRESSIVE;
				CLANG_CXX_LANGUAGE_STANDARD = "gnu++14";
				CLANG_CXX_LIBRARY = "libc++";
				CLANG_ENABLE_MODULES = YES;
				CLANG_ENABLE_OBJC_ARC = YES;
				CLANG_WARN_BLOCK_CAPTURE_AUTORELEASING = YES;
				CLANG_WARN_BOOL_CONVERSION = YES;
				CLANG_WARN_COMMA = YES;
				CLANG_WARN_CONSTANT_CONVERSION = YES;
				CLANG_WARN_DIRECT_OBJC_ISA_USAGE = YES_ERROR;
				CLANG_WARN_DOCUMENTATION_COMMENTS = YES;
				CLANG_WARN_EMPTY_BODY = YES;
				CLANG_WARN_ENUM_CONVERSION = YES;
				CLANG_WARN_INFINITE_RECURSION = YES;
				CLANG_WARN_INT_CONVERSION = YES;
				CLANG_WARN_NON_LITERAL_NULL_CONVERSION = YES;
				CLANG_WARN_OBJC_LITERAL_CONVERSION = YES;
				CLANG_WARN_OBJC_ROOT_CLASS = YES_ERROR;
				CLANG_WARN_RANGE_LOOP_ANALYSIS = YES;
				CLANG_WARN_STRICT_PROTOTYPES = YES;
				CLANG_WARN_SUSPICIOUS_MOVE = YES;
				CLANG_WARN_UNGUARDED_AVAILABILITY = YES_AGGRESSIVE;
				CLANG_WARN_UNREACHABLE_CODE = YES;
				CLANG_WARN__DUPLICATE_METHOD_MATCH = YES;
				CODE_SIGN_IDENTITY = "iPhone Developer";
				COPY_PHASE_STRIP = NO;
				CURRENT_PROJECT_VERSION = 1;
				DEBUG_INFORMATION_FORMAT = "dwarf-with-dsym";
				ENABLE_NS_ASSERTIONS = NO;
				ENABLE_STRICT_OBJC_MSGSEND = YES;
				GCC_C_LANGUAGE_STANDARD = gnu11;
				GCC_NO_COMMON_BLOCKS = YES;
				GCC_WARN_64_TO_32_BIT_CONVERSION = YES;
				GCC_WARN_ABOUT_RETURN_TYPE = YES_ERROR;
				GCC_WARN_UNDECLARED_SELECTOR = YES;
				GCC_WARN_UNINITIALIZED_AUTOS = YES_AGGRESSIVE;
				GCC_WARN_UNUSED_FUNCTION = YES;
				GCC_WARN_UNUSED_VARIABLE = YES;
				IPHONEOS_DEPLOYMENT_TARGET = 11.1;
				MTL_ENABLE_DEBUG_INFO = NO;
				SDKROOT = iphoneos;
				VALIDATE_PRODUCT = YES;
				VERSIONING_SYSTEM = "apple-generic";
				VERSION_INFO_PREFIX = "";
			};
			name = Release;
		};
		D4C9BBF91FC8652A003D0976 /* Debug */ = {
			isa = XCBuildConfiguration;
			buildSettings = {
				CODE_SIGN_IDENTITY = "";
				CODE_SIGN_STYLE = Automatic;
				DEFINES_MODULE = YES;
				DEVELOPMENT_TEAM = Z28L6TKG58;
				DYLIB_COMPATIBILITY_VERSION = 1;
				DYLIB_CURRENT_VERSION = 1;
				DYLIB_INSTALL_NAME_BASE = "@rpath";
				INFOPLIST_FILE = JGNetworkReachability/Info.plist;
				INSTALL_PATH = "$(LOCAL_LIBRARY_DIR)/Frameworks";
				LD_RUNPATH_SEARCH_PATHS = "$(inherited) @executable_path/Frameworks @loader_path/Frameworks";
				PRODUCT_BUNDLE_IDENTIFIER = com.MeiJigao.JGNetworkReachability;
				PRODUCT_NAME = "$(TARGET_NAME:c99extidentifier)";
				SKIP_INSTALL = YES;
				TARGETED_DEVICE_FAMILY = "1,2";
			};
			name = Debug;
		};
		D4C9BBFA1FC8652A003D0976 /* Release */ = {
			isa = XCBuildConfiguration;
			buildSettings = {
				CODE_SIGN_IDENTITY = "";
				CODE_SIGN_STYLE = Automatic;
				DEFINES_MODULE = YES;
				DEVELOPMENT_TEAM = Z28L6TKG58;
				DYLIB_COMPATIBILITY_VERSION = 1;
				DYLIB_CURRENT_VERSION = 1;
				DYLIB_INSTALL_NAME_BASE = "@rpath";
				INFOPLIST_FILE = JGNetworkReachability/Info.plist;
				INSTALL_PATH = "$(LOCAL_LIBRARY_DIR)/Frameworks";
				LD_RUNPATH_SEARCH_PATHS = "$(inherited) @executable_path/Frameworks @loader_path/Frameworks";
				PRODUCT_BUNDLE_IDENTIFIER = com.MeiJigao.JGNetworkReachability;
				PRODUCT_NAME = "$(TARGET_NAME:c99extidentifier)";
				SKIP_INSTALL = YES;
				TARGETED_DEVICE_FAMILY = "1,2";
			};
			name = Release;
		};
/* End XCBuildConfiguration section */

/* Begin XCConfigurationList section */
		D4C9BBEA1FC8652A003D0976 /* Build configuration list for PBXProject "JGNetworkReachability" */ = {
			isa = XCConfigurationList;
			buildConfigurations = (
				D4C9BBF61FC8652A003D0976 /* Debug */,
				D4C9BBF71FC8652A003D0976 /* Release */,
			);
			defaultConfigurationIsVisible = 0;
			defaultConfigurationName = Release;
		};
		D4C9BBF81FC8652A003D0976 /* Build configuration list for PBXNativeTarget "JGNetworkReachability" */ = {
			isa = XCConfigurationList;
			buildConfigurations = (
				D4C9BBF91FC8652A003D0976 /* Debug */,
				D4C9BBFA1FC8652A003D0976 /* Release */,
			);
			defaultConfigurationIsVisible = 0;
			defaultConfigurationName = Release;
		};
/* End XCConfigurationList section */
	};
	rootObject = D4C9BBE71FC8652A003D0976 /* Project object */;
}
